// !$*UTF8*$!
{
	archiveVersion = 1;
	classes = {
	};
	objectVersion = 46;
	objects = {

/* Begin PBXBuildFile section */
		19D60E2C0ADA4B248340E167 /* libPods.a in Frameworks */ = {isa = PBXBuildFile; fileRef = F1EEBDD7BF83405EB27BF565 /* libPods.a */; };
		96378C8E1962548600C9D024 /* Foundation.framework in Frameworks */ = {isa = PBXBuildFile; fileRef = 96378C8D1962548600C9D024 /* Foundation.framework */; };
		96378C901962548600C9D024 /* CoreGraphics.framework in Frameworks */ = {isa = PBXBuildFile; fileRef = 96378C8F1962548600C9D024 /* CoreGraphics.framework */; };
		96378C921962548600C9D024 /* UIKit.framework in Frameworks */ = {isa = PBXBuildFile; fileRef = 96378C911962548600C9D024 /* UIKit.framework */; };
		96378C981962548600C9D024 /* InfoPlist.strings in Resources */ = {isa = PBXBuildFile; fileRef = 96378C961962548600C9D024 /* InfoPlist.strings */; };
		96378C9A1962548600C9D024 /* main.m in Sources */ = {isa = PBXBuildFile; fileRef = 96378C991962548600C9D024 /* main.m */; };
		96378C9E1962548600C9D024 /* AppDelegate.m in Sources */ = {isa = PBXBuildFile; fileRef = 96378C9D1962548600C9D024 /* AppDelegate.m */; };
		96378CA01962548600C9D024 /* Images.xcassets in Resources */ = {isa = PBXBuildFile; fileRef = 96378C9F1962548600C9D024 /* Images.xcassets */; };
		96378CA71962548600C9D024 /* XCTest.framework in Frameworks */ = {isa = PBXBuildFile; fileRef = 96378CA61962548600C9D024 /* XCTest.framework */; };
		96378CA81962548600C9D024 /* Foundation.framework in Frameworks */ = {isa = PBXBuildFile; fileRef = 96378C8D1962548600C9D024 /* Foundation.framework */; };
		96378CA91962548600C9D024 /* UIKit.framework in Frameworks */ = {isa = PBXBuildFile; fileRef = 96378C911962548600C9D024 /* UIKit.framework */; };
		96378CB11962548600C9D024 /* InfoPlist.strings in Resources */ = {isa = PBXBuildFile; fileRef = 96378CAF1962548600C9D024 /* InfoPlist.strings */; };
		96378CB31962548600C9D024 /* parsechatTests.m in Sources */ = {isa = PBXBuildFile; fileRef = 96378CB21962548600C9D024 /* parsechatTests.m */; };
		96378CC01962556A00C9D024 /* RoomViewController.m in Sources */ = {isa = PBXBuildFile; fileRef = 96378CBE1962556A00C9D024 /* RoomViewController.m */; };
		96378CC11962556A00C9D024 /* RoomViewController.xib in Resources */ = {isa = PBXBuildFile; fileRef = 96378CBF1962556A00C9D024 /* RoomViewController.xib */; };
		96378CC5196255E000C9D024 /* LoginViewController.m in Sources */ = {isa = PBXBuildFile; fileRef = 96378CC3196255E000C9D024 /* LoginViewController.m */; };
		96378CC6196255E000C9D024 /* LoginViewController.xib in Resources */ = {isa = PBXBuildFile; fileRef = 96378CC4196255E000C9D024 /* LoginViewController.xib */; };
/* End PBXBuildFile section */

/* Begin PBXContainerItemProxy section */
		96378CAA1962548600C9D024 /* PBXContainerItemProxy */ = {
			isa = PBXContainerItemProxy;
			containerPortal = 96378C821962548600C9D024 /* Project object */;
			proxyType = 1;
			remoteGlobalIDString = 96378C891962548600C9D024;
			remoteInfo = parsechat;
		};
/* End PBXContainerItemProxy section */

/* Begin PBXFileReference section */
		96378C8A1962548600C9D024 /* parsechat.app */ = {isa = PBXFileReference; explicitFileType = wrapper.application; includeInIndex = 0; path = parsechat.app; sourceTree = BUILT_PRODUCTS_DIR; };
		96378C8D1962548600C9D024 /* Foundation.framework */ = {isa = PBXFileReference; lastKnownFileType = wrapper.framework; name = Foundation.framework; path = System/Library/Frameworks/Foundation.framework; sourceTree = SDKROOT; };
		96378C8F1962548600C9D024 /* CoreGraphics.framework */ = {isa = PBXFileReference; lastKnownFileType = wrapper.framework; name = CoreGraphics.framework; path = System/Library/Frameworks/CoreGraphics.framework; sourceTree = SDKROOT; };
		96378C911962548600C9D024 /* UIKit.framework */ = {isa = PBXFileReference; lastKnownFileType = wrapper.framework; name = UIKit.framework; path = System/Library/Frameworks/UIKit.framework; sourceTree = SDKROOT; };
		96378C951962548600C9D024 /* parsechat-Info.plist */ = {isa = PBXFileReference; lastKnownFileType = text.plist.xml; path = "parsechat-Info.plist"; sourceTree = "<group>"; };
		96378C971962548600C9D024 /* en */ = {isa = PBXFileReference; lastKnownFileType = text.plist.strings; name = en; path = en.lproj/InfoPlist.strings; sourceTree = "<group>"; };
		96378C991962548600C9D024 /* main.m */ = {isa = PBXFileReference; lastKnownFileType = sourcecode.c.objc; path = main.m; sourceTree = "<group>"; };
		96378C9B1962548600C9D024 /* parsechat-Prefix.pch */ = {isa = PBXFileReference; lastKnownFileType = sourcecode.c.h; path = "parsechat-Prefix.pch"; sourceTree = "<group>"; };
		96378C9C1962548600C9D024 /* AppDelegate.h */ = {isa = PBXFileReference; lastKnownFileType = sourcecode.c.h; path = AppDelegate.h; sourceTree = "<group>"; };
		96378C9D1962548600C9D024 /* AppDelegate.m */ = {isa = PBXFileReference; lastKnownFileType = sourcecode.c.objc; path = AppDelegate.m; sourceTree = "<group>"; };
		96378C9F1962548600C9D024 /* Images.xcassets */ = {isa = PBXFileReference; lastKnownFileType = folder.assetcatalog; path = Images.xcassets; sourceTree = "<group>"; };
		96378CA51962548600C9D024 /* parsechatTests.xctest */ = {isa = PBXFileReference; explicitFileType = wrapper.cfbundle; includeInIndex = 0; path = parsechatTests.xctest; sourceTree = BUILT_PRODUCTS_DIR; };
		96378CA61962548600C9D024 /* XCTest.framework */ = {isa = PBXFileReference; lastKnownFileType = wrapper.framework; name = XCTest.framework; path = Library/Frameworks/XCTest.framework; sourceTree = DEVELOPER_DIR; };
		96378CAE1962548600C9D024 /* parsechatTests-Info.plist */ = {isa = PBXFileReference; lastKnownFileType = text.plist.xml; path = "parsechatTests-Info.plist"; sourceTree = "<group>"; };
		96378CB01962548600C9D024 /* en */ = {isa = PBXFileReference; lastKnownFileType = text.plist.strings; name = en; path = en.lproj/InfoPlist.strings; sourceTree = "<group>"; };
		96378CB21962548600C9D024 /* parsechatTests.m */ = {isa = PBXFileReference; lastKnownFileType = sourcecode.c.objc; path = parsechatTests.m; sourceTree = "<group>"; };
		96378CBD1962556A00C9D024 /* RoomViewController.h */ = {isa = PBXFileReference; fileEncoding = 4; lastKnownFileType = sourcecode.c.h; path = RoomViewController.h; sourceTree = "<group>"; };
		96378CBE1962556A00C9D024 /* RoomViewController.m */ = {isa = PBXFileReference; fileEncoding = 4; lastKnownFileType = sourcecode.c.objc; path = RoomViewController.m; sourceTree = "<group>"; };
		96378CBF1962556A00C9D024 /* RoomViewController.xib */ = {isa = PBXFileReference; fileEncoding = 4; lastKnownFileType = file.xib; path = RoomViewController.xib; sourceTree = "<group>"; };
		96378CC2196255E000C9D024 /* LoginViewController.h */ = {isa = PBXFileReference; fileEncoding = 4; lastKnownFileType = sourcecode.c.h; path = LoginViewController.h; sourceTree = "<group>"; };
		96378CC3196255E000C9D024 /* LoginViewController.m */ = {isa = PBXFileReference; fileEncoding = 4; lastKnownFileType = sourcecode.c.objc; path = LoginViewController.m; sourceTree = "<group>"; };
		96378CC4196255E000C9D024 /* LoginViewController.xib */ = {isa = PBXFileReference; fileEncoding = 4; lastKnownFileType = file.xib; path = LoginViewController.xib; sourceTree = "<group>"; };
		96378CC71962572500C9D024 /* libPods-parsechat-Parse.a */ = {isa = PBXFileReference; lastKnownFileType = archive.ar; name = "libPods-parsechat-Parse.a"; path = "Pods/build/Debug-iphoneos/libPods-parsechat-Parse.a"; sourceTree = "<group>"; };
		AC410B7609A8415C9D45EE9E /* Pods.xcconfig */ = {isa = PBXFileReference; includeInIndex = 1; lastKnownFileType = text.xcconfig; name = Pods.xcconfig; path = Pods/Pods.xcconfig; sourceTree = "<group>"; };
		F1EEBDD7BF83405EB27BF565 /* libPods.a */ = {isa = PBXFileReference; explicitFileType = archive.ar; includeInIndex = 0; path = libPods.a; sourceTree = BUILT_PRODUCTS_DIR; };
/* End PBXFileReference section */

/* Begin PBXFrameworksBuildPhase section */
		96378C871962548600C9D024 /* Frameworks */ = {
			isa = PBXFrameworksBuildPhase;
			buildActionMask = 2147483647;
			files = (
				96378C901962548600C9D024 /* CoreGraphics.framework in Frameworks */,
				96378C921962548600C9D024 /* UIKit.framework in Frameworks */,
				96378C8E1962548600C9D024 /* Foundation.framework in Frameworks */,
				19D60E2C0ADA4B248340E167 /* libPods.a in Frameworks */,
			);
			runOnlyForDeploymentPostprocessing = 0;
		};
		96378CA21962548600C9D024 /* Frameworks */ = {
			isa = PBXFrameworksBuildPhase;
			buildActionMask = 2147483647;
			files = (
				96378CA71962548600C9D024 /* XCTest.framework in Frameworks */,
				96378CA91962548600C9D024 /* UIKit.framework in Frameworks */,
				96378CA81962548600C9D024 /* Foundation.framework in Frameworks */,
			);
			runOnlyForDeploymentPostprocessing = 0;
		};
/* End PBXFrameworksBuildPhase section */

/* Begin PBXGroup section */
		96378C811962548600C9D024 = {
			isa = PBXGroup;
			children = (
				96378C931962548600C9D024 /* parsechat */,
				96378CAC1962548600C9D024 /* parsechatTests */,
				96378C8C1962548600C9D024 /* Frameworks */,
				96378C8B1962548600C9D024 /* Products */,
				AC410B7609A8415C9D45EE9E /* Pods.xcconfig */,
			);
			sourceTree = "<group>";
		};
		96378C8B1962548600C9D024 /* Products */ = {
			isa = PBXGroup;
			children = (
				96378C8A1962548600C9D024 /* parsechat.app */,
				96378CA51962548600C9D024 /* parsechatTests.xctest */,
			);
			name = Products;
			sourceTree = "<group>";
		};
		96378C8C1962548600C9D024 /* Frameworks */ = {
			isa = PBXGroup;
			children = (
				96378CC71962572500C9D024 /* libPods-parsechat-Parse.a */,
				96378C8D1962548600C9D024 /* Foundation.framework */,
				96378C8F1962548600C9D024 /* CoreGraphics.framework */,
				96378C911962548600C9D024 /* UIKit.framework */,
				96378CA61962548600C9D024 /* XCTest.framework */,
				F1EEBDD7BF83405EB27BF565 /* libPods.a */,
			);
			name = Frameworks;
			sourceTree = "<group>";
		};
		96378C931962548600C9D024 /* parsechat */ = {
			isa = PBXGroup;
			children = (
				96378CBC1962553100C9D024 /* ViewController */,
				96378C9C1962548600C9D024 /* AppDelegate.h */,
				96378C9D1962548600C9D024 /* AppDelegate.m */,
				96378C9F1962548600C9D024 /* Images.xcassets */,
				96378C941962548600C9D024 /* Supporting Files */,
			);
			path = parsechat;
			sourceTree = "<group>";
		};
		96378C941962548600C9D024 /* Supporting Files */ = {
			isa = PBXGroup;
			children = (
				96378C951962548600C9D024 /* parsechat-Info.plist */,
				96378C961962548600C9D024 /* InfoPlist.strings */,
				96378C991962548600C9D024 /* main.m */,
				96378C9B1962548600C9D024 /* parsechat-Prefix.pch */,
			);
			name = "Supporting Files";
			sourceTree = "<group>";
		};
		96378CAC1962548600C9D024 /* parsechatTests */ = {
			isa = PBXGroup;
			children = (
				96378CB21962548600C9D024 /* parsechatTests.m */,
				96378CAD1962548600C9D024 /* Supporting Files */,
			);
			path = parsechatTests;
			sourceTree = "<group>";
		};
		96378CAD1962548600C9D024 /* Supporting Files */ = {
			isa = PBXGroup;
			children = (
				96378CAE1962548600C9D024 /* parsechatTests-Info.plist */,
				96378CAF1962548600C9D024 /* InfoPlist.strings */,
			);
			name = "Supporting Files";
			sourceTree = "<group>";
		};
		96378CBC1962553100C9D024 /* ViewController */ = {
			isa = PBXGroup;
			children = (
				96378CBD1962556A00C9D024 /* RoomViewController.h */,
				96378CBE1962556A00C9D024 /* RoomViewController.m */,
				96378CBF1962556A00C9D024 /* RoomViewController.xib */,
				96378CC2196255E000C9D024 /* LoginViewController.h */,
				96378CC3196255E000C9D024 /* LoginViewController.m */,
				96378CC4196255E000C9D024 /* LoginViewController.xib */,
			);
			name = ViewController;
			sourceTree = "<group>";
		};
/* End PBXGroup section */

/* Begin PBXNativeTarget section */
		96378C891962548600C9D024 /* parsechat */ = {
			isa = PBXNativeTarget;
			buildConfigurationList = 96378CB61962548600C9D024 /* Build configuration list for PBXNativeTarget "parsechat" */;
			buildPhases = (
				462F2882F4A54ADDAFAF8059 /* Check Pods Manifest.lock */,
				96378C861962548600C9D024 /* Sources */,
				96378C871962548600C9D024 /* Frameworks */,
				96378C881962548600C9D024 /* Resources */,
				1775DC1B032340769F0F3BC1 /* Copy Pods Resources */,
			);
			buildRules = (
			);
			dependencies = (
			);
			name = parsechat;
			productName = parsechat;
			productReference = 96378C8A1962548600C9D024 /* parsechat.app */;
			productType = "com.apple.product-type.application";
		};
		96378CA41962548600C9D024 /* parsechatTests */ = {
			isa = PBXNativeTarget;
			buildConfigurationList = 96378CB91962548600C9D024 /* Build configuration list for PBXNativeTarget "parsechatTests" */;
			buildPhases = (
				96378CA11962548600C9D024 /* Sources */,
				96378CA21962548600C9D024 /* Frameworks */,
				96378CA31962548600C9D024 /* Resources */,
			);
			buildRules = (
			);
			dependencies = (
				96378CAB1962548600C9D024 /* PBXTargetDependency */,
			);
			name = parsechatTests;
			productName = parsechatTests;
			productReference = 96378CA51962548600C9D024 /* parsechatTests.xctest */;
			productType = "com.apple.product-type.bundle.unit-test";
		};
/* End PBXNativeTarget section */

/* Begin PBXProject section */
		96378C821962548600C9D024 /* Project object */ = {
			isa = PBXProject;
			attributes = {
				LastUpgradeCheck = 0510;
				ORGANIZATIONNAME = "Veronica Zheng";
				TargetAttributes = {
					96378CA41962548600C9D024 = {
						TestTargetID = 96378C891962548600C9D024;
					};
				};
			};
			buildConfigurationList = 96378C851962548600C9D024 /* Build configuration list for PBXProject "parsechat" */;
			compatibilityVersion = "Xcode 3.2";
			developmentRegion = English;
			hasScannedForEncodings = 0;
			knownRegions = (
				en,
			);
			mainGroup = 96378C811962548600C9D024;
			productRefGroup = 96378C8B1962548600C9D024 /* Products */;
			projectDirPath = "";
			projectRoot = "";
			targets = (
				96378C891962548600C9D024 /* parsechat */,
				96378CA41962548600C9D024 /* parsechatTests */,
			);
		};
/* End PBXProject section */

/* Begin PBXResourcesBuildPhase section */
		96378C881962548600C9D024 /* Resources */ = {
			isa = PBXResourcesBuildPhase;
			buildActionMask = 2147483647;
			files = (
				96378CC6196255E000C9D024 /* LoginViewController.xib in Resources */,
				96378C981962548600C9D024 /* InfoPlist.strings in Resources */,
				96378CC11962556A00C9D024 /* RoomViewController.xib in Resources */,
				96378CA01962548600C9D024 /* Images.xcassets in Resources */,
			);
			runOnlyForDeploymentPostprocessing = 0;
		};
		96378CA31962548600C9D024 /* Resources */ = {
			isa = PBXResourcesBuildPhase;
			buildActionMask = 2147483647;
			files = (
				96378CB11962548600C9D024 /* InfoPlist.strings in Resources */,
			);
			runOnlyForDeploymentPostprocessing = 0;
		};
/* End PBXResourcesBuildPhase section */

/* Begin PBXShellScriptBuildPhase section */
		1775DC1B032340769F0F3BC1 /* Copy Pods Resources */ = {
			isa = PBXShellScriptBuildPhase;
			buildActionMask = 2147483647;
			files = (
			);
			inputPaths = (
			);
			name = "Copy Pods Resources";
			outputPaths = (
			);
			runOnlyForDeploymentPostprocessing = 0;
			shellPath = /bin/sh;
			shellScript = "\"${SRCROOT}/Pods/Pods-resources.sh\"\n";
			showEnvVarsInLog = 0;
		};
		462F2882F4A54ADDAFAF8059 /* Check Pods Manifest.lock */ = {
			isa = PBXShellScriptBuildPhase;
			buildActionMask = 2147483647;
			files = (
			);
			inputPaths = (
			);
			name = "Check Pods Manifest.lock";
			outputPaths = (
			);
			runOnlyForDeploymentPostprocessing = 0;
			shellPath = /bin/sh;
			shellScript = "diff \"${PODS_ROOT}/../Podfile.lock\" \"${PODS_ROOT}/Manifest.lock\" > /dev/null\nif [[ $? != 0 ]] ; then\n    cat << EOM\nerror: The sandbox is not in sync with the Podfile.lock. Run 'pod install' or update your CocoaPods installation.\nEOM\n    exit 1\nfi\n";
			showEnvVarsInLog = 0;
		};
/* End PBXShellScriptBuildPhase section */

/* Begin PBXSourcesBuildPhase section */
		96378C861962548600C9D024 /* Sources */ = {
			isa = PBXSourcesBuildPhase;
			buildActionMask = 2147483647;
			files = (
				96378CC5196255E000C9D024 /* LoginViewController.m in Sources */,
				96378C9E1962548600C9D024 /* AppDelegate.m in Sources */,
				96378CC01962556A00C9D024 /* RoomViewController.m in Sources */,
				96378C9A1962548600C9D024 /* main.m in Sources */,
			);
			runOnlyForDeploymentPostprocessing = 0;
		};
		96378CA11962548600C9D024 /* Sources */ = {
			isa = PBXSourcesBuildPhase;
			buildActionMask = 2147483647;
			files = (
				96378CB31962548600C9D024 /* parsechatTests.m in Sources */,
			);
			runOnlyForDeploymentPostprocessing = 0;
		};
/* End PBXSourcesBuildPhase section */

/* Begin PBXTargetDependency section */
		96378CAB1962548600C9D024 /* PBXTargetDependency */ = {
			isa = PBXTargetDependency;
			target = 96378C891962548600C9D024 /* parsechat */;
			targetProxy = 96378CAA1962548600C9D024 /* PBXContainerItemProxy */;
		};
/* End PBXTargetDependency section */

/* Begin PBXVariantGroup section */
		96378C961962548600C9D024 /* InfoPlist.strings */ = {
			isa = PBXVariantGroup;
			children = (
				96378C971962548600C9D024 /* en */,
			);
			name = InfoPlist.strings;
			sourceTree = "<group>";
		};
		96378CAF1962548600C9D024 /* InfoPlist.strings */ = {
			isa = PBXVariantGroup;
			children = (
				96378CB01962548600C9D024 /* en */,
			);
			name = InfoPlist.strings;
			sourceTree = "<group>";
		};
/* End PBXVariantGroup section */

/* Begin XCBuildConfiguration section */
		96378CB41962548600C9D024 /* Debug */ = {
			isa = XCBuildConfiguration;
			buildSettings = {
				ALWAYS_SEARCH_USER_PATHS = NO;
				CLANG_CXX_LANGUAGE_STANDARD = "gnu++0x";
				CLANG_CXX_LIBRARY = "libc++";
				CLANG_ENABLE_MODULES = YES;
				CLANG_ENABLE_OBJC_ARC = YES;
				CLANG_WARN_BOOL_CONVERSION = YES;
				CLANG_WARN_CONSTANT_CONVERSION = YES;
				CLANG_WARN_DIRECT_OBJC_ISA_USAGE = YES_ERROR;
				CLANG_WARN_EMPTY_BODY = YES;
				CLANG_WARN_ENUM_CONVERSION = YES;
				CLANG_WARN_INT_CONVERSION = YES;
				CLANG_WARN_OBJC_ROOT_CLASS = YES_ERROR;
				CLANG_WARN__DUPLICATE_METHOD_MATCH = YES;
				"CODE_SIGN_IDENTITY[sdk=iphoneos*]" = "iPhone Developer";
				COPY_PHASE_STRIP = NO;
				GCC_C_LANGUAGE_STANDARD = gnu99;
				GCC_DYNAMIC_NO_PIC = NO;
				GCC_OPTIMIZATION_LEVEL = 0;
				GCC_PREPROCESSOR_DEFINITIONS = (
					"DEBUG=1",
					"$(inherited)",
				);
				GCC_SYMBOLS_PRIVATE_EXTERN = NO;
				GCC_WARN_64_TO_32_BIT_CONVERSION = YES;
				GCC_WARN_ABOUT_RETURN_TYPE = YES_ERROR;
				GCC_WARN_UNDECLARED_SELECTOR = YES;
				GCC_WARN_UNINITIALIZED_AUTOS = YES_AGGRESSIVE;
				GCC_WARN_UNUSED_FUNCTION = YES;
				GCC_WARN_UNUSED_VARIABLE = YES;
				IPHONEOS_DEPLOYMENT_TARGET = 7.1;
				ONLY_ACTIVE_ARCH = YES;
				SDKROOT = iphoneos;
			};
			name = Debug;
		};
		96378CB51962548600C9D024 /* Release */ = {
			isa = XCBuildConfiguration;
			buildSettings = {
				ALWAYS_SEARCH_USER_PATHS = NO;
				CLANG_CXX_LANGUAGE_STANDARD = "gnu++0x";
				CLANG_CXX_LIBRARY = "libc++";
				CLANG_ENABLE_MODULES = YES;
				CLANG_ENABLE_OBJC_ARC = YES;
				CLANG_WARN_BOOL_CONVERSION = YES;
				CLANG_WARN_CONSTANT_CONVERSION = YES;
				CLANG_WARN_DIRECT_OBJC_ISA_USAGE = YES_ERROR;
				CLANG_WARN_EMPTY_BODY = YES;
				CLANG_WARN_ENUM_CONVERSION = YES;
				CLANG_WARN_INT_CONVERSION = YES;
				CLANG_WARN_OBJC_ROOT_CLASS = YES_ERROR;
				CLANG_WARN__DUPLICATE_METHOD_MATCH = YES;
				"CODE_SIGN_IDENTITY[sdk=iphoneos*]" = "iPhone Developer";
				COPY_PHASE_STRIP = YES;
				ENABLE_NS_ASSERTIONS = NO;
				GCC_C_LANGUAGE_STANDARD = gnu99;
				GCC_WARN_64_TO_32_BIT_CONVERSION = YES;
				GCC_WARN_ABOUT_RETURN_TYPE = YES_ERROR;
				GCC_WARN_UNDECLARED_SELECTOR = YES;
				GCC_WARN_UNINITIALIZED_AUTOS = YES_AGGRESSIVE;
				GCC_WARN_UNUSED_FUNCTION = YES;
				GCC_WARN_UNUSED_VARIABLE = YES;
				IPHONEOS_DEPLOYMENT_TARGET = 7.1;
				SDKROOT = iphoneos;
				VALIDATE_PRODUCT = YES;
			};
			name = Release;
		};
		96378CB71962548600C9D024 /* Debug */ = {
			isa = XCBuildConfiguration;
			baseConfigurationReference = AC410B7609A8415C9D45EE9E /* Pods.xcconfig */;
			buildSettings = {
				ASSETCATALOG_COMPILER_APPICON_NAME = AppIcon;
				ASSETCATALOG_COMPILER_LAUNCHIMAGE_NAME = LaunchImage;
				FRAMEWORK_SEARCH_PATHS = "\"$(PODS_ROOT)\"/**";
				GCC_PRECOMPILE_PREFIX_HEADER = YES;
				GCC_PREFIX_HEADER = "parsechat/parsechat-Prefix.pch";
				HEADER_SEARCH_PATHS = (
					"\"${PODS_ROOT}/Headers\"",
					"\"${PODS_ROOT}/Headers/Bolts\"",
					"\"${PODS_ROOT}/Headers/Facebook-iOS-SDK\"",
					"\"${PODS_ROOT}/Headers/Facebook-iOS-SDK/FacebookSDK\"",
					"\"${PODS_ROOT}/Headers/Parse\"/**",
					"${PODS_ROOT}/Parse/**",
				);
				INFOPLIST_FILE = "parsechat/parsechat-Info.plist";
				LIBRARY_SEARCH_PATHS = (
					"$(inherited)",
					"$(PROJECT_DIR)/Pods/build/Debug-iphoneos",
				);
				PRODUCT_NAME = "$(TARGET_NAME)";
				WRAPPER_EXTENSION = app;
			};
			name = Debug;
		};
		96378CB81962548600C9D024 /* Release */ = {
			isa = XCBuildConfiguration;
			baseConfigurationReference = AC410B7609A8415C9D45EE9E /* Pods.xcconfig */;
			buildSettings = {
				ASSETCATALOG_COMPILER_APPICON_NAME = AppIcon;
				ASSETCATALOG_COMPILER_LAUNCHIMAGE_NAME = LaunchImage;
				FRAMEWORK_SEARCH_PATHS = "\"$(PODS_ROOT)\"/**";
				GCC_PRECOMPILE_PREFIX_HEADER = YES;
				GCC_PREFIX_HEADER = "parsechat/parsechat-Prefix.pch";
				HEADER_SEARCH_PATHS = (
					"\"${PODS_ROOT}/Headers\"",
					"\"${PODS_ROOT}/Headers/Bolts\"",
					"\"${PODS_ROOT}/Headers/Facebook-iOS-SDK\"",
					"\"${PODS_ROOT}/Headers/Facebook-iOS-SDK/FacebookSDK\"",
					"\"${PODS_ROOT}/Headers/Parse\"/**",
					"${PODS_ROOT}/Parse/**",
				);
				INFOPLIST_FILE = "parsechat/parsechat-Info.plist";
				LIBRARY_SEARCH_PATHS = (
					"$(inherited)",
					"$(PROJECT_DIR)/Pods/build/Debug-iphoneos",
				);
				PRODUCT_NAME = "$(TARGET_NAME)";
				WRAPPER_EXTENSION = app;
			};
			name = Release;
		};
		96378CBA1962548600C9D024 /* Debug */ = {
			isa = XCBuildConfiguration;
			buildSettings = {
				BUNDLE_LOADER = "$(BUILT_PRODUCTS_DIR)/parsechat.app/parsechat";
				FRAMEWORK_SEARCH_PATHS = (
					"$(SDKROOT)/Developer/Library/Frameworks",
					"$(inherited)",
					"$(DEVELOPER_FRAMEWORKS_DIR)",
				);
				GCC_PRECOMPILE_PREFIX_HEADER = YES;
				GCC_PREFIX_HEADER = "parsechat/parsechat-Prefix.pch";
				GCC_PREPROCESSOR_DEFINITIONS = (
					"DEBUG=1",
					"$(inherited)",
				);
				INFOPLIST_FILE = "parsechatTests/parsechatTests-Info.plist";
				PRODUCT_NAME = "$(TARGET_NAME)";
				TEST_HOST = "$(BUNDLE_LOADER)";
				WRAPPER_EXTENSION = xctest;
			};
			name = Debug;
		};
		96378CBB1962548600C9D024 /* Release */ = {
			isa = XCBuildConfiguration;
			buildSettings = {
				BUNDLE_LOADER = "$(BUILT_PRODUCTS_DIR)/parsechat.app/parsechat";
				FRAMEWORK_SEARCH_PATHS = (
					"$(SDKROOT)/Developer/Library/Frameworks",
					"$(inherited)",
					"$(DEVELOPER_FRAMEWORKS_DIR)",
				);
				GCC_PRECOMPILE_PREFIX_HEADER = YES;
				GCC_PREFIX_HEADER = "parsechat/parsechat-Prefix.pch";
				INFOPLIST_FILE = "parsechatTests/parsechatTests-Info.plist";
				PRODUCT_NAME = "$(TARGET_NAME)";
				TEST_HOST = "$(BUNDLE_LOADER)";
				WRAPPER_EXTENSION = xctest;
			};
			name = Release;
		};
/* End XCBuildConfiguration section */

/* Begin XCConfigurationList section */
		96378C851962548600C9D024 /* Build configuration list for PBXProject "parsechat" */ = {
			isa = XCConfigurationList;
			buildConfigurations = (
				96378CB41962548600C9D024 /* Debug */,
				96378CB51962548600C9D024 /* Release */,
			);
			defaultConfigurationIsVisible = 0;
			defaultConfigurationName = Release;
		};
		96378CB61962548600C9D024 /* Build configuration list for PBXNativeTarget "parsechat" */ = {
			isa = XCConfigurationList;
			buildConfigurations = (
				96378CB71962548600C9D024 /* Debug */,
				96378CB81962548600C9D024 /* Release */,
			);
			defaultConfigurationIsVisible = 0;
			defaultConfigurationName = Release;
		};
		96378CB91962548600C9D024 /* Build configuration list for PBXNativeTarget "parsechatTests" */ = {
			isa = XCConfigurationList;
			buildConfigurations = (
				96378CBA1962548600C9D024 /* Debug */,
				96378CBB1962548600C9D024 /* Release */,
			);
			defaultConfigurationIsVisible = 0;
			defaultConfigurationName = Release;
		};
/* End XCConfigurationList section */
	};
	rootObject = 96378C821962548600C9D024 /* Project object */;
}
